
Microsoft Visual Studio Solution File, Format Version 12.00
# Visual Studio Version 17
VisualStudioVersion = 17.11.35312.102
MinimumVisualStudioVersion = 10.0.40219.1
Project("{FAE04EC0-301F-11D3-BF4B-00C04F79EFBC}") = "FundMiddleOffice", "FMO\FundMiddleOffice.csproj", "{E2D48D0C-5906-4D7B-A0D7-38C8FCDA5543}"
EndProject
Project("{FAE04EC0-301F-11D3-BF4B-00C04F79EFBC}") = "FMO.Models", "FMO.Models\FMO.Models.csproj", "{0D30FF0C-5DA9-4828-B330-AAF9416DBA6F}"
EndProject
Project("{FAE04EC0-301F-11D3-BF4B-00C04F79EFBC}") = "FMO.IO.AMAC", "FMO.InterOp\FMO.IO.AMAC\FMO.IO.AMAC.csproj", "{372E8034-A4C9-4096-87DF-A8FD16DF42AE}"
EndProject
Project("{2150E333-8FDC-42A3-9474-1A3956D46DE8}") = "UnitTest", "UnitTest", "{2DD8BA92-BC83-426F-A5A9-B93B29AFB63B}"
EndProject
Project("{FAE04EC0-301F-11D3-BF4B-00C04F79EFBC}") = "TestAmac", "TestAmac\TestAmac.csproj", "{4A3F5DE5-3A6A-48EB-B576-B767F49BF8B4}"
EndProject
Project("{FAE04EC0-301F-11D3-BF4B-00C04F79EFBC}") = "FMO.Utilities", "FMO.Utilities\FMO.Utilities.csproj", "{10233D1C-85A6-49EA-8249-8C94ED096D5D}"
EndProject
Project("{FAE04EC0-301F-11D3-BF4B-00C04F79EFBC}") = "FMO.IO.Trustee.CITISC", "FMO.InterOp\FMO.IO.CITISC\FMO.IO.Trustee.CITISC.csproj", "{3E778985-8B0C-4DDC-91C2-878A2C4F37C3}"
EndProject
Project("{2150E333-8FDC-42A3-9474-1A3956D46DE8}") = "InterOp", "InterOp", "{6B648140-571B-4297-A871-AB606EF6681A}"
EndProject
Project("{FAE04EC0-301F-11D3-BF4B-00C04F79EFBC}") = "FMO.IO.Trustee", "FMO.InterOp\FMO.IO.Trustee\FMO.IO.Trustee.csproj", "{0DDE37A3-9BBC-4CA3-8F8C-C9842AA1D7E1}"
EndProject
Project("{FAE04EC0-301F-11D3-BF4B-00C04F79EFBC}") = "FMO.IO.CITISCTests", "FMO.IO.CITISCTests\FMO.IO.CITISCTests.csproj", "{9756F9DE-16C7-472E-AC89-08BD1A6A0D79}"
EndProject
Project("{FAE04EC0-301F-11D3-BF4B-00C04F79EFBC}") = "FMO.IO.Automation", "FMO.InterOp\FMO.IO.Automation\FMO.IO.Automation.csproj", "{11B61C6C-A520-42DB-BB72-54BECEFF1D2C}"
EndProject
Project("{FAE04EC0-301F-11D3-BF4B-00C04F79EFBC}") = "FMO.UtilitiesTests", "FMO.UtilitiesTests\FMO.UtilitiesTests.csproj", "{F2A67F3B-5692-4964-91A9-D38C1B66C52F}"
EndProject
Project("{FAE04EC0-301F-11D3-BF4B-00C04F79EFBC}") = "FMO.IO.AMACTests1", "FMO.InterOp\FMO.IO.AMACTests1\FMO.IO.AMACTests1.csproj", "{5FD3BAEF-5B1C-4E9D-A463-BA367474A2BC}"
EndProject
Project("{2150E333-8FDC-42A3-9474-1A3956D46DE8}") = "Solution Items", "Solution Items", "{0A3B0F7D-448A-4943-B590-A8B98FF38EF0}"
	ProjectSection(SolutionItems) = preProject
		.editorconfig = .editorconfig
	EndProjectSection
EndProject
Project("{FAE04EC0-301F-11D3-BF4B-00C04F79EFBC}") = "FMO.Schedule", "FMO.Automation\FMO.Schedule.csproj", "{314998D9-9ECC-4AB9-8F60-855389883169}"
EndProject
Project("{FAE04EC0-301F-11D3-BF4B-00C04F79EFBC}") = "FMO.Shared", "FMO.Shared\FMO.Shared.csproj", "{0D9334C5-A84F-4F20-AACD-3C44913CFD07}"
EndProject
Project("{FAE04EC0-301F-11D3-BF4B-00C04F79EFBC}") = "FMO.IO.DS", "FMO.InterOp\FMO.IO.DS\FMO.IO.DS.csproj", "{5210CAF9-A0CC-460E-BCD1-ED39A18DEE95}"
EndProject
Project("{FAE04EC0-301F-11D3-BF4B-00C04F79EFBC}") = "FMO.IO.DS.MeiShi", "FMO.InterOp\FMO.IO.DS.MeiShi\FMO.IO.DS.MeiShi.csproj", "{65D7D574-2117-4295-9C5B-4A5C974007E8}"
EndProject
Project("{FAE04EC0-301F-11D3-BF4B-00C04F79EFBC}") = "FMO.IO.DS.MeiShiTests", "FMO.IO.DS.MeiShiTests\FMO.IO.DS.MeiShiTests.csproj", "{1BF2AB61-F332-4BA7-88D4-4B6F89961BB3}"
EndProject
Project("{FAE04EC0-301F-11D3-BF4B-00C04F79EFBC}") = "FMO.AutoViewModelGenerator", "FMO.AutoViewModelGenerator\FMO.AutoViewModelGenerator.csproj", "{E59DE494-CCB4-48AC-BA93-889F593C7E59}"
EndProject
Project("{FAE04EC0-301F-11D3-BF4B-00C04F79EFBC}") = "FMO.SourceGenerator", "FMO.SourceGenerator\FMO.SourceGenerator.csproj", "{E16FBE91-67EF-409E-B56D-4CCF9EC6ECE6}"
EndProject
Project("{FAE04EC0-301F-11D3-BF4B-00C04F79EFBC}") = "FMO.FeeCalc", "FMO.FeeCalc\FMO.FeeCalc.csproj", "{DA56D98E-42A8-4E8D-AABD-215DF1954B6A}"
EndProject
Project("{FAE04EC0-301F-11D3-BF4B-00C04F79EFBC}") = "FMO.IO.Trustee.CITISCTests", "FMO.InterOp\FMO.IO.Trustee.CITISCTests\FMO.IO.Trustee.CITISCTests.csproj", "{7BFB924F-8601-4330-B730-028EC223D3EE}"
EndProject
Project("{FAE04EC0-301F-11D3-BF4B-00C04F79EFBC}") = "FMO.IO.Trustee.CMSChina", "FMO.InterOp\FMO.IO.Trustee.CMSChina\FMO.IO.Trustee.CMSChina.csproj", "{98504508-8419-4FFA-8ABC-E3F47AEDE034}"
EndProject
Project("{FAE04EC0-301F-11D3-BF4B-00C04F79EFBC}") = "FMO.IO.Trustee.CMSChinaTests", "FMO.IO.Trustee.CMSChinaTests\FMO.IO.Trustee.CMSChinaTests.csproj", "{7D0891B3-B238-4D58-8D3A-62DCB9CC6583}"
EndProject
Project("{FAE04EC0-301F-11D3-BF4B-00C04F79EFBC}") = "FMO.PDF", "FMO.PDF\FMO.PDF.csproj", "{D13A7D95-C51B-4630-992D-280A62FDDF1B}"
EndProject
Project("{FAE04EC0-301F-11D3-BF4B-00C04F79EFBC}") = "FMO.PDFTests", "FMO.PDFTests\FMO.PDFTests.csproj", "{173F4771-FEA6-4AB1-AF5B-04B12FEDFA11}"
EndProject
Project("{2150E333-8FDC-42A3-9474-1A3956D46DE8}") = "Tools", "Tools", "{02EA681E-C7D8-13C7-8484-4AC65E1B71E8}"
EndProject
Project("{FAE04EC0-301F-11D3-BF4B-00C04F79EFBC}") = "FMO.TPL", "FMO.TPL\FMO.TPL.csproj", "{8F20FD4B-9D36-41A9-A285-75D7525655B3}"
EndProject
Project("{FAE04EC0-301F-11D3-BF4B-00C04F79EFBC}") = "FMO.TPLTests", "FMO.TPLTests\FMO.TPLTests.csproj", "{8430EB8C-F648-470F-B45F-399F428205AB}"
EndProject
Project("{FAE04EC0-301F-11D3-BF4B-00C04F79EFBC}") = "FMO.OCR", "FMO.OCR\FMO.OCR.csproj", "{1DBBA4E4-2E4C-4088-A8C5-915722A69E0B}"
EndProject
Project("{FAE04EC0-301F-11D3-BF4B-00C04F79EFBC}") = "FMO.ModelsTests", "FMO.ModelsTests\FMO.ModelsTests.csproj", "{D2966BC6-D2AC-4F03-A5F4-38AAE06EC243}"
EndProject
Project("{FAE04EC0-301F-11D3-BF4B-00C04F79EFBC}") = "FMO.IO.Trustee.CSC108", "FMO.Interop\FMO.IO.Trustee.CSC108\FMO.IO.Trustee.CSC108.csproj", "{52DCD69A-1931-E8DC-DD29-5C25FB1E7DD8}"
EndProject
Project("{FAE04EC0-301F-11D3-BF4B-00C04F79EFBC}") = "FundMiddleOfficeTests", "FundMiddleOfficeTests\FundMiddleOfficeTests.csproj", "{FD4E65E6-E48D-4479-AC26-FC2E8743648B}"
EndProject
Project("{FAE04EC0-301F-11D3-BF4B-00C04F79EFBC}") = "FMO.ScheduleTests", "FMO.ScheduleTests\FMO.ScheduleTests.csproj", "{23BBC333-AF16-4648-9751-94A8CB1FE6BF}"
EndProject
Project("{FAE04EC0-301F-11D3-BF4B-00C04F79EFBC}") = "FMO.Trustee", "FMO.Trustee\FMO.Trustee.csproj", "{9C390D71-0A83-4199-B6D0-CDC1167B255A}"
EndProject
Global
	GlobalSection(SolutionConfigurationPlatforms) = preSolution
		Debug|Any CPU = Debug|Any CPU
		Release|Any CPU = Release|Any CPU
	EndGlobalSection
	GlobalSection(ProjectConfigurationPlatforms) = postSolution
		{E2D48D0C-5906-4D7B-A0D7-38C8FCDA5543}.Debug|Any CPU.ActiveCfg = Debug|Any CPU
		{E2D48D0C-5906-4D7B-A0D7-38C8FCDA5543}.Debug|Any CPU.Build.0 = Debug|Any CPU
		{E2D48D0C-5906-4D7B-A0D7-38C8FCDA5543}.Release|Any CPU.ActiveCfg = Release|Any CPU
		{E2D48D0C-5906-4D7B-A0D7-38C8FCDA5543}.Release|Any CPU.Build.0 = Release|Any CPU
		{0D30FF0C-5DA9-4828-B330-AAF9416DBA6F}.Debug|Any CPU.ActiveCfg = Debug|Any CPU
		{0D30FF0C-5DA9-4828-B330-AAF9416DBA6F}.Debug|Any CPU.Build.0 = Debug|Any CPU
		{0D30FF0C-5DA9-4828-B330-AAF9416DBA6F}.Release|Any CPU.ActiveCfg = Release|Any CPU
		{0D30FF0C-5DA9-4828-B330-AAF9416DBA6F}.Release|Any CPU.Build.0 = Release|Any CPU
		{372E8034-A4C9-4096-87DF-A8FD16DF42AE}.Debug|Any CPU.ActiveCfg = Debug|Any CPU
		{372E8034-A4C9-4096-87DF-A8FD16DF42AE}.Debug|Any CPU.Build.0 = Debug|Any CPU
		{372E8034-A4C9-4096-87DF-A8FD16DF42AE}.Release|Any CPU.ActiveCfg = Release|Any CPU
		{372E8034-A4C9-4096-87DF-A8FD16DF42AE}.Release|Any CPU.Build.0 = Release|Any CPU
		{4A3F5DE5-3A6A-48EB-B576-B767F49BF8B4}.Debug|Any CPU.ActiveCfg = Debug|Any CPU
		{4A3F5DE5-3A6A-48EB-B576-B767F49BF8B4}.Debug|Any CPU.Build.0 = Debug|Any CPU
		{4A3F5DE5-3A6A-48EB-B576-B767F49BF8B4}.Release|Any CPU.ActiveCfg = Release|Any CPU
		{4A3F5DE5-3A6A-48EB-B576-B767F49BF8B4}.Release|Any CPU.Build.0 = Release|Any CPU
		{10233D1C-85A6-49EA-8249-8C94ED096D5D}.Debug|Any CPU.ActiveCfg = Debug|Any CPU
		{10233D1C-85A6-49EA-8249-8C94ED096D5D}.Debug|Any CPU.Build.0 = Debug|Any CPU
		{10233D1C-85A6-49EA-8249-8C94ED096D5D}.Release|Any CPU.ActiveCfg = Release|Any CPU
		{10233D1C-85A6-49EA-8249-8C94ED096D5D}.Release|Any CPU.Build.0 = Release|Any CPU
		{3E778985-8B0C-4DDC-91C2-878A2C4F37C3}.Debug|Any CPU.ActiveCfg = Debug|Any CPU
		{3E778985-8B0C-4DDC-91C2-878A2C4F37C3}.Debug|Any CPU.Build.0 = Debug|Any CPU
		{3E778985-8B0C-4DDC-91C2-878A2C4F37C3}.Release|Any CPU.ActiveCfg = Release|Any CPU
		{3E778985-8B0C-4DDC-91C2-878A2C4F37C3}.Release|Any CPU.Build.0 = Release|Any CPU
		{0DDE37A3-9BBC-4CA3-8F8C-C9842AA1D7E1}.Debug|Any CPU.ActiveCfg = Debug|Any CPU
		{0DDE37A3-9BBC-4CA3-8F8C-C9842AA1D7E1}.Debug|Any CPU.Build.0 = Debug|Any CPU
		{0DDE37A3-9BBC-4CA3-8F8C-C9842AA1D7E1}.Release|Any CPU.ActiveCfg = Release|Any CPU
		{0DDE37A3-9BBC-4CA3-8F8C-C9842AA1D7E1}.Release|Any CPU.Build.0 = Release|Any CPU
		{9756F9DE-16C7-472E-AC89-08BD1A6A0D79}.Debug|Any CPU.ActiveCfg = Debug|Any CPU
		{9756F9DE-16C7-472E-AC89-08BD1A6A0D79}.Debug|Any CPU.Build.0 = Debug|Any CPU
		{9756F9DE-16C7-472E-AC89-08BD1A6A0D79}.Release|Any CPU.ActiveCfg = Release|Any CPU
		{9756F9DE-16C7-472E-AC89-08BD1A6A0D79}.Release|Any CPU.Build.0 = Release|Any CPU
		{11B61C6C-A520-42DB-BB72-54BECEFF1D2C}.Debug|Any CPU.ActiveCfg = Debug|Any CPU
		{11B61C6C-A520-42DB-BB72-54BECEFF1D2C}.Debug|Any CPU.Build.0 = Debug|Any CPU
		{11B61C6C-A520-42DB-BB72-54BECEFF1D2C}.Release|Any CPU.ActiveCfg = Release|Any CPU
		{11B61C6C-A520-42DB-BB72-54BECEFF1D2C}.Release|Any CPU.Build.0 = Release|Any CPU
		{F2A67F3B-5692-4964-91A9-D38C1B66C52F}.Debug|Any CPU.ActiveCfg = Debug|Any CPU
		{F2A67F3B-5692-4964-91A9-D38C1B66C52F}.Debug|Any CPU.Build.0 = Debug|Any CPU
		{F2A67F3B-5692-4964-91A9-D38C1B66C52F}.Release|Any CPU.ActiveCfg = Release|Any CPU
		{F2A67F3B-5692-4964-91A9-D38C1B66C52F}.Release|Any CPU.Build.0 = Release|Any CPU
		{5FD3BAEF-5B1C-4E9D-A463-BA367474A2BC}.Debug|Any CPU.ActiveCfg = Debug|Any CPU
		{5FD3BAEF-5B1C-4E9D-A463-BA367474A2BC}.Debug|Any CPU.Build.0 = Debug|Any CPU
		{5FD3BAEF-5B1C-4E9D-A463-BA367474A2BC}.Release|Any CPU.ActiveCfg = Release|Any CPU
		{5FD3BAEF-5B1C-4E9D-A463-BA367474A2BC}.Release|Any CPU.Build.0 = Release|Any CPU
		{314998D9-9ECC-4AB9-8F60-855389883169}.Debug|Any CPU.ActiveCfg = Debug|Any CPU
		{314998D9-9ECC-4AB9-8F60-855389883169}.Debug|Any CPU.Build.0 = Debug|Any CPU
		{314998D9-9ECC-4AB9-8F60-855389883169}.Release|Any CPU.ActiveCfg = Release|Any CPU
		{314998D9-9ECC-4AB9-8F60-855389883169}.Release|Any CPU.Build.0 = Release|Any CPU
		{0D9334C5-A84F-4F20-AACD-3C44913CFD07}.Debug|Any CPU.ActiveCfg = Debug|Any CPU
		{0D9334C5-A84F-4F20-AACD-3C44913CFD07}.Debug|Any CPU.Build.0 = Debug|Any CPU
		{0D9334C5-A84F-4F20-AACD-3C44913CFD07}.Release|Any CPU.ActiveCfg = Release|Any CPU
		{0D9334C5-A84F-4F20-AACD-3C44913CFD07}.Release|Any CPU.Build.0 = Release|Any CPU
		{5210CAF9-A0CC-460E-BCD1-ED39A18DEE95}.Debug|Any CPU.ActiveCfg = Debug|Any CPU
		{5210CAF9-A0CC-460E-BCD1-ED39A18DEE95}.Debug|Any CPU.Build.0 = Debug|Any CPU
		{5210CAF9-A0CC-460E-BCD1-ED39A18DEE95}.Release|Any CPU.ActiveCfg = Release|Any CPU
		{5210CAF9-A0CC-460E-BCD1-ED39A18DEE95}.Release|Any CPU.Build.0 = Release|Any CPU
		{65D7D574-2117-4295-9C5B-4A5C974007E8}.Debug|Any CPU.ActiveCfg = Debug|Any CPU
		{65D7D574-2117-4295-9C5B-4A5C974007E8}.Debug|Any CPU.Build.0 = Debug|Any CPU
		{65D7D574-2117-4295-9C5B-4A5C974007E8}.Release|Any CPU.ActiveCfg = Release|Any CPU
		{65D7D574-2117-4295-9C5B-4A5C974007E8}.Release|Any CPU.Build.0 = Release|Any CPU
		{1BF2AB61-F332-4BA7-88D4-4B6F89961BB3}.Debug|Any CPU.ActiveCfg = Debug|Any CPU
		{1BF2AB61-F332-4BA7-88D4-4B6F89961BB3}.Debug|Any CPU.Build.0 = Debug|Any CPU
		{1BF2AB61-F332-4BA7-88D4-4B6F89961BB3}.Release|Any CPU.ActiveCfg = Release|Any CPU
		{1BF2AB61-F332-4BA7-88D4-4B6F89961BB3}.Release|Any CPU.Build.0 = Release|Any CPU
		{E59DE494-CCB4-48AC-BA93-889F593C7E59}.Debug|Any CPU.ActiveCfg = Debug|Any CPU
		{E59DE494-CCB4-48AC-BA93-889F593C7E59}.Debug|Any CPU.Build.0 = Debug|Any CPU
		{E59DE494-CCB4-48AC-BA93-889F593C7E59}.Release|Any CPU.ActiveCfg = Release|Any CPU
		{E59DE494-CCB4-48AC-BA93-889F593C7E59}.Release|Any CPU.Build.0 = Release|Any CPU
		{E16FBE91-67EF-409E-B56D-4CCF9EC6ECE6}.Debug|Any CPU.ActiveCfg = Debug|Any CPU
		{E16FBE91-67EF-409E-B56D-4CCF9EC6ECE6}.Debug|Any CPU.Build.0 = Debug|Any CPU
		{E16FBE91-67EF-409E-B56D-4CCF9EC6ECE6}.Release|Any CPU.ActiveCfg = Release|Any CPU
		{E16FBE91-67EF-409E-B56D-4CCF9EC6ECE6}.Release|Any CPU.Build.0 = Release|Any CPU
		{DA56D98E-42A8-4E8D-AABD-215DF1954B6A}.Debug|Any CPU.ActiveCfg = Debug|Any CPU
		{DA56D98E-42A8-4E8D-AABD-215DF1954B6A}.Debug|Any CPU.Build.0 = Debug|Any CPU
		{DA56D98E-42A8-4E8D-AABD-215DF1954B6A}.Release|Any CPU.ActiveCfg = Release|Any CPU
		{DA56D98E-42A8-4E8D-AABD-215DF1954B6A}.Release|Any CPU.Build.0 = Release|Any CPU
		{7BFB924F-8601-4330-B730-028EC223D3EE}.Debug|Any CPU.ActiveCfg = Debug|Any CPU
		{7BFB924F-8601-4330-B730-028EC223D3EE}.Debug|Any CPU.Build.0 = Debug|Any CPU
		{7BFB924F-8601-4330-B730-028EC223D3EE}.Release|Any CPU.ActiveCfg = Release|Any CPU
		{7BFB924F-8601-4330-B730-028EC223D3EE}.Release|Any CPU.Build.0 = Release|Any CPU
		{98504508-8419-4FFA-8ABC-E3F47AEDE034}.Debug|Any CPU.ActiveCfg = Debug|Any CPU
		{98504508-8419-4FFA-8ABC-E3F47AEDE034}.Debug|Any CPU.Build.0 = Debug|Any CPU
		{98504508-8419-4FFA-8ABC-E3F47AEDE034}.Release|Any CPU.ActiveCfg = Release|Any CPU
		{98504508-8419-4FFA-8ABC-E3F47AEDE034}.Release|Any CPU.Build.0 = Release|Any CPU
		{7D0891B3-B238-4D58-8D3A-62DCB9CC6583}.Debug|Any CPU.ActiveCfg = Debug|Any CPU
		{7D0891B3-B238-4D58-8D3A-62DCB9CC6583}.Debug|Any CPU.Build.0 = Debug|Any CPU
		{7D0891B3-B238-4D58-8D3A-62DCB9CC6583}.Release|Any CPU.ActiveCfg = Release|Any CPU
		{7D0891B3-B238-4D58-8D3A-62DCB9CC6583}.Release|Any CPU.Build.0 = Release|Any CPU
		{D13A7D95-C51B-4630-992D-280A62FDDF1B}.Debug|Any CPU.ActiveCfg = Debug|Any CPU
		{D13A7D95-C51B-4630-992D-280A62FDDF1B}.Debug|Any CPU.Build.0 = Debug|Any CPU
		{D13A7D95-C51B-4630-992D-280A62FDDF1B}.Release|Any CPU.ActiveCfg = Release|Any CPU
		{D13A7D95-C51B-4630-992D-280A62FDDF1B}.Release|Any CPU.Build.0 = Release|Any CPU
		{173F4771-FEA6-4AB1-AF5B-04B12FEDFA11}.Debug|Any CPU.ActiveCfg = Debug|Any CPU
		{173F4771-FEA6-4AB1-AF5B-04B12FEDFA11}.Debug|Any CPU.Build.0 = Debug|Any CPU
		{173F4771-FEA6-4AB1-AF5B-04B12FEDFA11}.Release|Any CPU.ActiveCfg = Release|Any CPU
		{173F4771-FEA6-4AB1-AF5B-04B12FEDFA11}.Release|Any CPU.Build.0 = Release|Any CPU
		{8F20FD4B-9D36-41A9-A285-75D7525655B3}.Debug|Any CPU.ActiveCfg = Debug|Any CPU
		{8F20FD4B-9D36-41A9-A285-75D7525655B3}.Debug|Any CPU.Build.0 = Debug|Any CPU
		{8F20FD4B-9D36-41A9-A285-75D7525655B3}.Release|Any CPU.ActiveCfg = Release|Any CPU
		{8F20FD4B-9D36-41A9-A285-75D7525655B3}.Release|Any CPU.Build.0 = Release|Any CPU
		{8430EB8C-F648-470F-B45F-399F428205AB}.Debug|Any CPU.ActiveCfg = Debug|Any CPU
		{8430EB8C-F648-470F-B45F-399F428205AB}.Debug|Any CPU.Build.0 = Debug|Any CPU
		{8430EB8C-F648-470F-B45F-399F428205AB}.Release|Any CPU.ActiveCfg = Release|Any CPU
		{8430EB8C-F648-470F-B45F-399F428205AB}.Release|Any CPU.Build.0 = Release|Any CPU
		{1DBBA4E4-2E4C-4088-A8C5-915722A69E0B}.Debug|Any CPU.ActiveCfg = Debug|Any CPU
		{1DBBA4E4-2E4C-4088-A8C5-915722A69E0B}.Debug|Any CPU.Build.0 = Debug|Any CPU
		{1DBBA4E4-2E4C-4088-A8C5-915722A69E0B}.Release|Any CPU.ActiveCfg = Release|Any CPU
		{1DBBA4E4-2E4C-4088-A8C5-915722A69E0B}.Release|Any CPU.Build.0 = Release|Any CPU
		{D2966BC6-D2AC-4F03-A5F4-38AAE06EC243}.Debug|Any CPU.ActiveCfg = Debug|Any CPU
		{D2966BC6-D2AC-4F03-A5F4-38AAE06EC243}.Debug|Any CPU.Build.0 = Debug|Any CPU
		{D2966BC6-D2AC-4F03-A5F4-38AAE06EC243}.Release|Any CPU.ActiveCfg = Release|Any CPU
		{D2966BC6-D2AC-4F03-A5F4-38AAE06EC243}.Release|Any CPU.Build.0 = Release|Any CPU
		{52DCD69A-1931-E8DC-DD29-5C25FB1E7DD8}.Debug|Any CPU.ActiveCfg = Debug|Any CPU
		{52DCD69A-1931-E8DC-DD29-5C25FB1E7DD8}.Debug|Any CPU.Build.0 = Debug|Any CPU
		{52DCD69A-1931-E8DC-DD29-5C25FB1E7DD8}.Release|Any CPU.ActiveCfg = Release|Any CPU
		{52DCD69A-1931-E8DC-DD29-5C25FB1E7DD8}.Release|Any CPU.Build.0 = Release|Any CPU
		{FD4E65E6-E48D-4479-AC26-FC2E8743648B}.Debug|Any CPU.ActiveCfg = Debug|Any CPU
		{FD4E65E6-E48D-4479-AC26-FC2E8743648B}.Debug|Any CPU.Build.0 = Debug|Any CPU
		{FD4E65E6-E48D-4479-AC26-FC2E8743648B}.Release|Any CPU.ActiveCfg = Release|Any CPU
		{FD4E65E6-E48D-4479-AC26-FC2E8743648B}.Release|Any CPU.Build.0 = Release|Any CPU
		{23BBC333-AF16-4648-9751-94A8CB1FE6BF}.Debug|Any CPU.ActiveCfg = Debug|Any CPU
		{23BBC333-AF16-4648-9751-94A8CB1FE6BF}.Debug|Any CPU.Build.0 = Debug|Any CPU
		{23BBC333-AF16-4648-9751-94A8CB1FE6BF}.Release|Any CPU.ActiveCfg = Release|Any CPU
		{23BBC333-AF16-4648-9751-94A8CB1FE6BF}.Release|Any CPU.Build.0 = Release|Any CPU
		{9C390D71-0A83-4199-B6D0-CDC1167B255A}.Debug|Any CPU.ActiveCfg = Debug|Any CPU
		{9C390D71-0A83-4199-B6D0-CDC1167B255A}.Debug|Any CPU.Build.0 = Debug|Any CPU
		{9C390D71-0A83-4199-B6D0-CDC1167B255A}.Release|Any CPU.ActiveCfg = Release|Any CPU
		{9C390D71-0A83-4199-B6D0-CDC1167B255A}.Release|Any CPU.Build.0 = Release|Any CPU
	EndGlobalSection
	GlobalSection(SolutionProperties) = preSolution
		HideSolutionNode = FALSE
	EndGlobalSection
	GlobalSection(NestedProjects) = preSolution
		{372E8034-A4C9-4096-87DF-A8FD16DF42AE} = {6B648140-571B-4297-A871-AB606EF6681A}
		{4A3F5DE5-3A6A-48EB-B576-B767F49BF8B4} = {2DD8BA92-BC83-426F-A5A9-B93B29AFB63B}
		{3E778985-8B0C-4DDC-91C2-878A2C4F37C3} = {6B648140-571B-4297-A871-AB606EF6681A}
		{0DDE37A3-9BBC-4CA3-8F8C-C9842AA1D7E1} = {6B648140-571B-4297-A871-AB606EF6681A}
		{9756F9DE-16C7-472E-AC89-08BD1A6A0D79} = {2DD8BA92-BC83-426F-A5A9-B93B29AFB63B}
		{11B61C6C-A520-42DB-BB72-54BECEFF1D2C} = {6B648140-571B-4297-A871-AB606EF6681A}
		{F2A67F3B-5692-4964-91A9-D38C1B66C52F} = {2DD8BA92-BC83-426F-A5A9-B93B29AFB63B}
		{5FD3BAEF-5B1C-4E9D-A463-BA367474A2BC} = {2DD8BA92-BC83-426F-A5A9-B93B29AFB63B}
		{5210CAF9-A0CC-460E-BCD1-ED39A18DEE95} = {6B648140-571B-4297-A871-AB606EF6681A}
		{65D7D574-2117-4295-9C5B-4A5C974007E8} = {6B648140-571B-4297-A871-AB606EF6681A}
		{1BF2AB61-F332-4BA7-88D4-4B6F89961BB3} = {2DD8BA92-BC83-426F-A5A9-B93B29AFB63B}
		{DA56D98E-42A8-4E8D-AABD-215DF1954B6A} = {02EA681E-C7D8-13C7-8484-4AC65E1B71E8}
		{7BFB924F-8601-4330-B730-028EC223D3EE} = {2DD8BA92-BC83-426F-A5A9-B93B29AFB63B}
		{98504508-8419-4FFA-8ABC-E3F47AEDE034} = {6B648140-571B-4297-A871-AB606EF6681A}
		{7D0891B3-B238-4D58-8D3A-62DCB9CC6583} = {2DD8BA92-BC83-426F-A5A9-B93B29AFB63B}
		{173F4771-FEA6-4AB1-AF5B-04B12FEDFA11} = {2DD8BA92-BC83-426F-A5A9-B93B29AFB63B}
		{8430EB8C-F648-470F-B45F-399F428205AB} = {2DD8BA92-BC83-426F-A5A9-B93B29AFB63B}
		{D2966BC6-D2AC-4F03-A5F4-38AAE06EC243} = {2DD8BA92-BC83-426F-A5A9-B93B29AFB63B}
		{52DCD69A-1931-E8DC-DD29-5C25FB1E7DD8} = {6B648140-571B-4297-A871-AB606EF6681A}
		{FD4E65E6-E48D-4479-AC26-FC2E8743648B} = {2DD8BA92-BC83-426F-A5A9-B93B29AFB63B}
		{23BBC333-AF16-4648-9751-94A8CB1FE6BF} = {2DD8BA92-BC83-426F-A5A9-B93B29AFB63B}
		{9C390D71-0A83-4199-B6D0-CDC1167B255A} = {6B648140-571B-4297-A871-AB606EF6681A}
	EndGlobalSection
	GlobalSection(ExtensibilityGlobals) = postSolution
		SolutionGuid = {E8FF6F9B-A37B-4335-B135-EEEB33A830B1}
	EndGlobalSection
EndGlobal
