
Microsoft Visual Studio Solution File, Format Version 12.00
# Visual Studio Version 17
VisualStudioVersion = 17.11.35312.102
MinimumVisualStudioVersion = 10.0.40219.1
Project("{FAE04EC0-301F-11D3-BF4B-00C04F79EFBC}") = "FundMiddleOffice", "FMO\FundMiddleOffice.csproj", "{E2D48D0C-5906-4D7B-A0D7-38C8FCDA5543}"
EndProject
Project("{FAE04EC0-301F-11D3-BF4B-00C04F79EFBC}") = "FMO.Models", "FMO.Models\FMO.Models.csproj", "{0D30FF0C-5DA9-4828-B330-AAF9416DBA6F}"
EndProject
Project("{FAE04EC0-301F-11D3-BF4B-00C04F79EFBC}") = "FMO.IO.AMAC", "FMO.InterOp\FMO.IO.AMAC\FMO.IO.AMAC.csproj", "{372E8034-A4C9-4096-87DF-A8FD16DF42AE}"
EndProject
Project("{2150E333-8FDC-42A3-9474-1A3956D46DE8}") = "UnitTest", "UnitTest", "{2DD8BA92-BC83-426F-A5A9-B93B29AFB63B}"
EndProject
Project("{FAE04EC0-301F-11D3-BF4B-00C04F79EFBC}") = "FMO.Utilities", "FMO.Utilities\FMO.Utilities.csproj", "{10233D1C-85A6-49EA-8249-8C94ED096D5D}"
EndProject
Project("{2150E333-8FDC-42A3-9474-1A3956D46DE8}") = "InterOp", "InterOp", "{6B648140-571B-4297-A871-AB606EF6681A}"
EndProject
Project("{FAE04EC0-301F-11D3-BF4B-00C04F79EFBC}") = "FMO.IO.Automation", "FMO.InterOp\FMO.IO.Automation\FMO.IO.Automation.csproj", "{11B61C6C-A520-42DB-BB72-54BECEFF1D2C}"
EndProject
Project("{2150E333-8FDC-42A3-9474-1A3956D46DE8}") = "Solution Items", "Solution Items", "{0A3B0F7D-448A-4943-B590-A8B98FF38EF0}"
	ProjectSection(SolutionItems) = preProject
		.editorconfig = .editorconfig
	EndProjectSection
EndProject
Project("{FAE04EC0-301F-11D3-BF4B-00C04F79EFBC}") = "FMO.Schedule", "FMO.Automation\FMO.Schedule.csproj", "{314998D9-9ECC-4AB9-8F60-855389883169}"
EndProject
Project("{FAE04EC0-301F-11D3-BF4B-00C04F79EFBC}") = "FMO.Shared", "FMO.Shared\FMO.Shared.csproj", "{0D9334C5-A84F-4F20-AACD-3C44913CFD07}"
EndProject
Project("{FAE04EC0-301F-11D3-BF4B-00C04F79EFBC}") = "FMO.IO.DS", "FMO.InterOp\FMO.IO.DS\FMO.IO.DS.csproj", "{5210CAF9-A0CC-460E-BCD1-ED39A18DEE95}"
EndProject
Project("{FAE04EC0-301F-11D3-BF4B-00C04F79EFBC}") = "FMO.IO.DS.MeiShi", "FMO.InterOp\FMO.IO.DS.MeiShi\FMO.IO.DS.MeiShi.csproj", "{65D7D574-2117-4295-9C5B-4A5C974007E8}"
EndProject
Project("{FAE04EC0-301F-11D3-BF4B-00C04F79EFBC}") = "FMO.AutoViewModelGenerator", "FMO.AutoViewModelGenerator\FMO.AutoViewModelGenerator.csproj", "{E59DE494-CCB4-48AC-BA93-889F593C7E59}"
EndProject
Project("{FAE04EC0-301F-11D3-BF4B-00C04F79EFBC}") = "FMO.SourceGenerator", "FMO.SourceGenerator\FMO.SourceGenerator.csproj", "{E16FBE91-67EF-409E-B56D-4CCF9EC6ECE6}"
EndProject
Project("{FAE04EC0-301F-11D3-BF4B-00C04F79EFBC}") = "FMO.FeeCalc", "FMO.FeeCalc\FMO.FeeCalc.csproj", "{DA56D98E-42A8-4E8D-AABD-215DF1954B6A}"
EndProject
Project("{FAE04EC0-301F-11D3-BF4B-00C04F79EFBC}") = "FMO.PDF", "FMO.PDF\FMO.PDF.csproj", "{D13A7D95-C51B-4630-992D-280A62FDDF1B}"
EndProject
Project("{2150E333-8FDC-42A3-9474-1A3956D46DE8}") = "Tools", "Tools", "{02EA681E-C7D8-13C7-8484-4AC65E1B71E8}"
EndProject
Project("{FAE04EC0-301F-11D3-BF4B-00C04F79EFBC}") = "FMO.TPL", "FMO.TPL\FMO.TPL.csproj", "{8F20FD4B-9D36-41A9-A285-75D7525655B3}"
EndProject
Project("{FAE04EC0-301F-11D3-BF4B-00C04F79EFBC}") = "FMO.OCR", "FMO.OCR\FMO.OCR.csproj", "{1DBBA4E4-2E4C-4088-A8C5-915722A69E0B}"
EndProject
Project("{FAE04EC0-301F-11D3-BF4B-00C04F79EFBC}") = "FMO.Trustee", "FMO.Trustee\FMO.Trustee.csproj", "{9C390D71-0A83-4199-B6D0-CDC1167B255A}"
EndProject
Project("{FAE04EC0-301F-11D3-BF4B-00C04F79EFBC}") = "FMO.PeiXunAssist", "FMO.PeiXunAssist\FMO.PeiXunAssist.csproj", "{F260DC1A-9730-9659-0787-AF778E0FB2F3}"
EndProject
Project("{FAE04EC0-301F-11D3-BF4B-00C04F79EFBC}") = "FMO.LearnAssist", "LearnAssist\FMO.LearnAssist.csproj", "{D9EB6271-73DE-4C02-9CC4-F776829063C8}"
EndProject
Project("{FAE04EC0-301F-11D3-BF4B-00C04F79EFBC}") = "FMO.Plugin", "FMO.Plugin\FMO.Plugin.csproj", "{B87B6DD3-B998-4EE3-91F0-A02D7BCA0C8F}"
EndProject
Project("{FAE04EC0-301F-11D3-BF4B-00C04F79EFBC}") = "Trustee", "Tests\Trustee\Trustee.csproj", "{5DD747F1-2E9E-496C-9D44-B889ECECC179}"
EndProject
Project("{FAE04EC0-301F-11D3-BF4B-00C04F79EFBC}") = "FMO.TrusteeTests", "Tests\FMO.TrusteeTests\FMO.TrusteeTests.csproj", "{9D90AD8D-781E-CCFA-406B-C3DB387AA1B0}"
EndProject
Project("{2150E333-8FDC-42A3-9474-1A3956D46DE8}") = "docs", "docs", "{9FA3D6BD-1EC1-3BA5-80CB-CE02773A58D5}"
	ProjectSection(SolutionItems) = preProject
		readme\home.png = readme\home.png
		README.md = README.md
	EndProjectSection
EndProject
Project("{FAE04EC0-301F-11D3-BF4B-00C04F79EFBC}") = "DatabaseViewer", "DatabaseViewer\DatabaseViewer.csproj", "{4BD37C50-17B0-4AA4-9722-245EC5F34B87}"
EndProject
Project("{FAE04EC0-301F-11D3-BF4B-00C04F79EFBC}") = "QualficationTest", "Tests\QualficationTest\QualficationTest.csproj", "{CC0CC3F2-2B67-40D0-9324-9C30BA4B6384}"
EndProject
Project("{FAE04EC0-301F-11D3-BF4B-00C04F79EFBC}") = "ImportCustomerData", "Tests\ImportCustomerData\ImportCustomerData.csproj", "{1E207355-6408-4690-9DD1-03E00F149DA4}"
EndProject
Project("{FAE04EC0-301F-11D3-BF4B-00C04F79EFBC}") = "FMO.DataImporter", "FMO.DataImporter\FMO.DataImporter.csproj", "{E8FF9855-47C5-4D90-830B-EBC58F8CA328}"
EndProject
Project("{2150E333-8FDC-42A3-9474-1A3956D46DE8}") = "Templates", "Templates", "{00E05DB2-AE20-4AFD-9C9B-B5FB7504FB21}"
EndProject
Project("{FAE04EC0-301F-11D3-BF4B-00C04F79EFBC}") = "SingleFundNetValueList", "Templates\SingleFundNetValueList\SingleFundNetValueList.csproj", "{F8CA119F-1DA4-41F3-9666-EEE4BA9CE218}"
EndProject
Project("{FAE04EC0-301F-11D3-BF4B-00C04F79EFBC}") = "FMO.TemplateManager", "FMO.TemplateManager\FMO.TemplateManager.csproj", "{9409B93E-5943-4204-A2AE-75761BFCC476}"
EndProject
Project("{FAE04EC0-301F-11D3-BF4B-00C04F79EFBC}") = "CollectTpl", "Tools\CollectTpl\CollectTpl.csproj", "{E607403B-5B40-4565-87E2-0D9B7F386EFA}"
EndProject
Project("{FAE04EC0-301F-11D3-BF4B-00C04F79EFBC}") = "Models", "Tests\Models\Models.csproj", "{4DB50FD6-F578-4FDB-82BA-1F6B698906F4}"
EndProject
Project("{FAE04EC0-301F-11D3-BF4B-00C04F79EFBC}") = "TPLTest", "Tests\TPL\TPLTest.csproj", "{1349B34D-3C44-4924-BE77-9A29FAC4BA2D}"
EndProject
Project("{FAE04EC0-301F-11D3-BF4B-00C04F79EFBC}") = "MultiFundElementSheet", "Templates\MultiFundElementSheet\MultiFundElementSheet.csproj", "{200B1FBA-2E77-43B8-A786-6C2E27D62A3A}"
EndProject
Project("{FAE04EC0-301F-11D3-BF4B-00C04F79EFBC}") = "MultiFundSummary", "Templates\MultiFundSummary\MultiFundSummary.csproj", "{20CE99E9-54B1-47A0-9F4F-7443839B81ED}"
EndProject
Project("{2150E333-8FDC-42A3-9474-1A3956D46DE8}") = "TrusteeAPI", "TrusteeAPI", "{B4204462-2B52-4EF7-B8F1-A730259892F2}"
EndProject
Project("{FAE04EC0-301F-11D3-BF4B-00C04F79EFBC}") = "FMO.TrusteeInterface", "Trustee\FMO.TrusteeInterface\FMO.TrusteeInterface.csproj", "{61376BF6-353F-4945-B9F5-7A06E0C3A4C4}"
EndProject
Project("{FAE04EC0-301F-11D3-BF4B-00C04F79EFBC}") = "FMO.Trustee.CMS", "Trustee\FMO.Trustee.CMS\FMO.Trustee.CMS.csproj", "{84C94B65-D234-40C6-96B9-13DD4458FEFC}"
EndProject
Project("{FAE04EC0-301F-11D3-BF4B-00C04F79EFBC}") = "FMO.Trustee.CITICS", "Trustee\FMO.Trustee.CITICS\FMO.Trustee.CITICS.csproj", "{75E89376-9359-43A7-875B-58397E51084F}"
EndProject
Project("{FAE04EC0-301F-11D3-BF4B-00C04F79EFBC}") = "FMO.Trustee.CSC", "Trustee\FMO.Trustee.CSC\FMO.Trustee.CSC.csproj", "{CA495DD4-BF4D-4CC1-8261-998D28BE1261}"
EndProject
Project("{FAE04EC0-301F-11D3-BF4B-00C04F79EFBC}") = "FMO.PFID", "FMO.Interop\FMO.PFID\FMO.PFID.csproj", "{8BEDE5AF-10BB-4D16-B5EB-DD3EEEF1DE2C}"
EndProject
Project("{FAE04EC0-301F-11D3-BF4B-00C04F79EFBC}") = "PfidTest", "Tests\PfidTest\PfidTest.csproj", "{DF1B5829-8447-40AE-BFA0-B0DBA182BB66}"
EndProject
Project("{FAE04EC0-301F-11D3-BF4B-00C04F79EFBC}") = "FMO.Data", "FMO.Data\FMO.Data.csproj", "{A46F1B31-6D4B-48AA-96F0-8F50BCF51A6A}"
EndProject
Project("{FAE04EC0-301F-11D3-BF4B-00C04F79EFBC}") = "DataTest", "Tests\DataTest\DataTest.csproj", "{3D87B8FA-C499-4B84-901D-4D2A044CDC1A}"
EndProject
Project("{FAE04EC0-301F-11D3-BF4B-00C04F79EFBC}") = "FMO.LogEx", "FMO.Log\FMO.LogEx.csproj", "{8B678C65-33E7-44A1-9029-EE06794DA9F8}"
EndProject
Global
	GlobalSection(SolutionConfigurationPlatforms) = preSolution
		Debug|Any CPU = Debug|Any CPU
		Release|Any CPU = Release|Any CPU
	EndGlobalSection
	GlobalSection(ProjectConfigurationPlatforms) = postSolution
		{E2D48D0C-5906-4D7B-A0D7-38C8FCDA5543}.Debug|Any CPU.ActiveCfg = Debug|Any CPU
		{E2D48D0C-5906-4D7B-A0D7-38C8FCDA5543}.Debug|Any CPU.Build.0 = Debug|Any CPU
		{E2D48D0C-5906-4D7B-A0D7-38C8FCDA5543}.Release|Any CPU.ActiveCfg = Release|Any CPU
		{E2D48D0C-5906-4D7B-A0D7-38C8FCDA5543}.Release|Any CPU.Build.0 = Release|Any CPU
		{0D30FF0C-5DA9-4828-B330-AAF9416DBA6F}.Debug|Any CPU.ActiveCfg = Debug|Any CPU
		{0D30FF0C-5DA9-4828-B330-AAF9416DBA6F}.Debug|Any CPU.Build.0 = Debug|Any CPU
		{0D30FF0C-5DA9-4828-B330-AAF9416DBA6F}.Release|Any CPU.ActiveCfg = Release|Any CPU
		{0D30FF0C-5DA9-4828-B330-AAF9416DBA6F}.Release|Any CPU.Build.0 = Release|Any CPU
		{372E8034-A4C9-4096-87DF-A8FD16DF42AE}.Debug|Any CPU.ActiveCfg = Debug|Any CPU
		{372E8034-A4C9-4096-87DF-A8FD16DF42AE}.Debug|Any CPU.Build.0 = Debug|Any CPU
		{372E8034-A4C9-4096-87DF-A8FD16DF42AE}.Release|Any CPU.ActiveCfg = Release|Any CPU
		{372E8034-A4C9-4096-87DF-A8FD16DF42AE}.Release|Any CPU.Build.0 = Release|Any CPU
		{10233D1C-85A6-49EA-8249-8C94ED096D5D}.Debug|Any CPU.ActiveCfg = Debug|Any CPU
		{10233D1C-85A6-49EA-8249-8C94ED096D5D}.Debug|Any CPU.Build.0 = Debug|Any CPU
		{10233D1C-85A6-49EA-8249-8C94ED096D5D}.Release|Any CPU.ActiveCfg = Release|Any CPU
		{10233D1C-85A6-49EA-8249-8C94ED096D5D}.Release|Any CPU.Build.0 = Release|Any CPU
		{11B61C6C-A520-42DB-BB72-54BECEFF1D2C}.Debug|Any CPU.ActiveCfg = Debug|Any CPU
		{11B61C6C-A520-42DB-BB72-54BECEFF1D2C}.Debug|Any CPU.Build.0 = Debug|Any CPU
		{11B61C6C-A520-42DB-BB72-54BECEFF1D2C}.Release|Any CPU.ActiveCfg = Release|Any CPU
		{11B61C6C-A520-42DB-BB72-54BECEFF1D2C}.Release|Any CPU.Build.0 = Release|Any CPU
		{314998D9-9ECC-4AB9-8F60-855389883169}.Debug|Any CPU.ActiveCfg = Debug|Any CPU
		{314998D9-9ECC-4AB9-8F60-855389883169}.Debug|Any CPU.Build.0 = Debug|Any CPU
		{314998D9-9ECC-4AB9-8F60-855389883169}.Release|Any CPU.ActiveCfg = Release|Any CPU
		{314998D9-9ECC-4AB9-8F60-855389883169}.Release|Any CPU.Build.0 = Release|Any CPU
		{0D9334C5-A84F-4F20-AACD-3C44913CFD07}.Debug|Any CPU.ActiveCfg = Debug|Any CPU
		{0D9334C5-A84F-4F20-AACD-3C44913CFD07}.Debug|Any CPU.Build.0 = Debug|Any CPU
		{0D9334C5-A84F-4F20-AACD-3C44913CFD07}.Release|Any CPU.ActiveCfg = Release|Any CPU
		{0D9334C5-A84F-4F20-AACD-3C44913CFD07}.Release|Any CPU.Build.0 = Release|Any CPU
		{5210CAF9-A0CC-460E-BCD1-ED39A18DEE95}.Debug|Any CPU.ActiveCfg = Debug|Any CPU
		{5210CAF9-A0CC-460E-BCD1-ED39A18DEE95}.Debug|Any CPU.Build.0 = Debug|Any CPU
		{5210CAF9-A0CC-460E-BCD1-ED39A18DEE95}.Release|Any CPU.ActiveCfg = Release|Any CPU
		{5210CAF9-A0CC-460E-BCD1-ED39A18DEE95}.Release|Any CPU.Build.0 = Release|Any CPU
		{65D7D574-2117-4295-9C5B-4A5C974007E8}.Debug|Any CPU.ActiveCfg = Debug|Any CPU
		{65D7D574-2117-4295-9C5B-4A5C974007E8}.Debug|Any CPU.Build.0 = Debug|Any CPU
		{65D7D574-2117-4295-9C5B-4A5C974007E8}.Release|Any CPU.ActiveCfg = Release|Any CPU
		{65D7D574-2117-4295-9C5B-4A5C974007E8}.Release|Any CPU.Build.0 = Release|Any CPU
		{E59DE494-CCB4-48AC-BA93-889F593C7E59}.Debug|Any CPU.ActiveCfg = Debug|Any CPU
		{E59DE494-CCB4-48AC-BA93-889F593C7E59}.Debug|Any CPU.Build.0 = Debug|Any CPU
		{E59DE494-CCB4-48AC-BA93-889F593C7E59}.Release|Any CPU.ActiveCfg = Release|Any CPU
		{E59DE494-CCB4-48AC-BA93-889F593C7E59}.Release|Any CPU.Build.0 = Release|Any CPU
		{E16FBE91-67EF-409E-B56D-4CCF9EC6ECE6}.Debug|Any CPU.ActiveCfg = Debug|Any CPU
		{E16FBE91-67EF-409E-B56D-4CCF9EC6ECE6}.Debug|Any CPU.Build.0 = Debug|Any CPU
		{E16FBE91-67EF-409E-B56D-4CCF9EC6ECE6}.Release|Any CPU.ActiveCfg = Release|Any CPU
		{E16FBE91-67EF-409E-B56D-4CCF9EC6ECE6}.Release|Any CPU.Build.0 = Release|Any CPU
		{DA56D98E-42A8-4E8D-AABD-215DF1954B6A}.Debug|Any CPU.ActiveCfg = Debug|Any CPU
		{DA56D98E-42A8-4E8D-AABD-215DF1954B6A}.Debug|Any CPU.Build.0 = Debug|Any CPU
		{DA56D98E-42A8-4E8D-AABD-215DF1954B6A}.Release|Any CPU.ActiveCfg = Release|Any CPU
		{DA56D98E-42A8-4E8D-AABD-215DF1954B6A}.Release|Any CPU.Build.0 = Release|Any CPU
		{D13A7D95-C51B-4630-992D-280A62FDDF1B}.Debug|Any CPU.ActiveCfg = Debug|Any CPU
		{D13A7D95-C51B-4630-992D-280A62FDDF1B}.Debug|Any CPU.Build.0 = Debug|Any CPU
		{D13A7D95-C51B-4630-992D-280A62FDDF1B}.Release|Any CPU.ActiveCfg = Release|Any CPU
		{D13A7D95-C51B-4630-992D-280A62FDDF1B}.Release|Any CPU.Build.0 = Release|Any CPU
		{8F20FD4B-9D36-41A9-A285-75D7525655B3}.Debug|Any CPU.ActiveCfg = Debug|Any CPU
		{8F20FD4B-9D36-41A9-A285-75D7525655B3}.Debug|Any CPU.Build.0 = Debug|Any CPU
		{8F20FD4B-9D36-41A9-A285-75D7525655B3}.Release|Any CPU.ActiveCfg = Release|Any CPU
		{8F20FD4B-9D36-41A9-A285-75D7525655B3}.Release|Any CPU.Build.0 = Release|Any CPU
		{1DBBA4E4-2E4C-4088-A8C5-915722A69E0B}.Debug|Any CPU.ActiveCfg = Debug|Any CPU
		{1DBBA4E4-2E4C-4088-A8C5-915722A69E0B}.Debug|Any CPU.Build.0 = Debug|Any CPU
		{1DBBA4E4-2E4C-4088-A8C5-915722A69E0B}.Release|Any CPU.ActiveCfg = Release|Any CPU
		{1DBBA4E4-2E4C-4088-A8C5-915722A69E0B}.Release|Any CPU.Build.0 = Release|Any CPU
		{9C390D71-0A83-4199-B6D0-CDC1167B255A}.Debug|Any CPU.ActiveCfg = Debug|Any CPU
		{9C390D71-0A83-4199-B6D0-CDC1167B255A}.Debug|Any CPU.Build.0 = Debug|Any CPU
		{9C390D71-0A83-4199-B6D0-CDC1167B255A}.Release|Any CPU.ActiveCfg = Release|Any CPU
		{9C390D71-0A83-4199-B6D0-CDC1167B255A}.Release|Any CPU.Build.0 = Release|Any CPU
		{F260DC1A-9730-9659-0787-AF778E0FB2F3}.Debug|Any CPU.ActiveCfg = Debug|Any CPU
		{F260DC1A-9730-9659-0787-AF778E0FB2F3}.Debug|Any CPU.Build.0 = Debug|Any CPU
		{F260DC1A-9730-9659-0787-AF778E0FB2F3}.Release|Any CPU.ActiveCfg = Release|Any CPU
		{F260DC1A-9730-9659-0787-AF778E0FB2F3}.Release|Any CPU.Build.0 = Release|Any CPU
		{D9EB6271-73DE-4C02-9CC4-F776829063C8}.Debug|Any CPU.ActiveCfg = Debug|Any CPU
		{D9EB6271-73DE-4C02-9CC4-F776829063C8}.Debug|Any CPU.Build.0 = Debug|Any CPU
		{D9EB6271-73DE-4C02-9CC4-F776829063C8}.Release|Any CPU.ActiveCfg = Release|Any CPU
		{D9EB6271-73DE-4C02-9CC4-F776829063C8}.Release|Any CPU.Build.0 = Release|Any CPU
		{B87B6DD3-B998-4EE3-91F0-A02D7BCA0C8F}.Debug|Any CPU.ActiveCfg = Debug|Any CPU
		{B87B6DD3-B998-4EE3-91F0-A02D7BCA0C8F}.Debug|Any CPU.Build.0 = Debug|Any CPU
		{B87B6DD3-B998-4EE3-91F0-A02D7BCA0C8F}.Release|Any CPU.ActiveCfg = Release|Any CPU
		{B87B6DD3-B998-4EE3-91F0-A02D7BCA0C8F}.Release|Any CPU.Build.0 = Release|Any CPU
		{5DD747F1-2E9E-496C-9D44-B889ECECC179}.Debug|Any CPU.ActiveCfg = Debug|Any CPU
		{5DD747F1-2E9E-496C-9D44-B889ECECC179}.Debug|Any CPU.Build.0 = Debug|Any CPU
		{5DD747F1-2E9E-496C-9D44-B889ECECC179}.Release|Any CPU.ActiveCfg = Release|Any CPU
		{5DD747F1-2E9E-496C-9D44-B889ECECC179}.Release|Any CPU.Build.0 = Release|Any CPU
		{9D90AD8D-781E-CCFA-406B-C3DB387AA1B0}.Debug|Any CPU.ActiveCfg = Debug|Any CPU
		{9D90AD8D-781E-CCFA-406B-C3DB387AA1B0}.Debug|Any CPU.Build.0 = Debug|Any CPU
		{9D90AD8D-781E-CCFA-406B-C3DB387AA1B0}.Release|Any CPU.ActiveCfg = Release|Any CPU
		{9D90AD8D-781E-CCFA-406B-C3DB387AA1B0}.Release|Any CPU.Build.0 = Release|Any CPU
		{4BD37C50-17B0-4AA4-9722-245EC5F34B87}.Debug|Any CPU.ActiveCfg = Debug|Any CPU
		{4BD37C50-17B0-4AA4-9722-245EC5F34B87}.Debug|Any CPU.Build.0 = Debug|Any CPU
		{4BD37C50-17B0-4AA4-9722-245EC5F34B87}.Release|Any CPU.ActiveCfg = Release|Any CPU
		{4BD37C50-17B0-4AA4-9722-245EC5F34B87}.Release|Any CPU.Build.0 = Release|Any CPU
		{CC0CC3F2-2B67-40D0-9324-9C30BA4B6384}.Debug|Any CPU.ActiveCfg = Debug|Any CPU
		{CC0CC3F2-2B67-40D0-9324-9C30BA4B6384}.Debug|Any CPU.Build.0 = Debug|Any CPU
		{CC0CC3F2-2B67-40D0-9324-9C30BA4B6384}.Release|Any CPU.ActiveCfg = Release|Any CPU
		{CC0CC3F2-2B67-40D0-9324-9C30BA4B6384}.Release|Any CPU.Build.0 = Release|Any CPU
		{1E207355-6408-4690-9DD1-03E00F149DA4}.Debug|Any CPU.ActiveCfg = Debug|Any CPU
		{1E207355-6408-4690-9DD1-03E00F149DA4}.Debug|Any CPU.Build.0 = Debug|Any CPU
		{1E207355-6408-4690-9DD1-03E00F149DA4}.Release|Any CPU.ActiveCfg = Release|Any CPU
		{1E207355-6408-4690-9DD1-03E00F149DA4}.Release|Any CPU.Build.0 = Release|Any CPU
		{E8FF9855-47C5-4D90-830B-EBC58F8CA328}.Debug|Any CPU.ActiveCfg = Debug|Any CPU
		{E8FF9855-47C5-4D90-830B-EBC58F8CA328}.Debug|Any CPU.Build.0 = Debug|Any CPU
		{E8FF9855-47C5-4D90-830B-EBC58F8CA328}.Release|Any CPU.ActiveCfg = Release|Any CPU
		{E8FF9855-47C5-4D90-830B-EBC58F8CA328}.Release|Any CPU.Build.0 = Release|Any CPU
		{F8CA119F-1DA4-41F3-9666-EEE4BA9CE218}.Debug|Any CPU.ActiveCfg = Debug|Any CPU
		{F8CA119F-1DA4-41F3-9666-EEE4BA9CE218}.Debug|Any CPU.Build.0 = Debug|Any CPU
		{F8CA119F-1DA4-41F3-9666-EEE4BA9CE218}.Release|Any CPU.ActiveCfg = Release|Any CPU
		{F8CA119F-1DA4-41F3-9666-EEE4BA9CE218}.Release|Any CPU.Build.0 = Release|Any CPU
		{9409B93E-5943-4204-A2AE-75761BFCC476}.Debug|Any CPU.ActiveCfg = Debug|Any CPU
		{9409B93E-5943-4204-A2AE-75761BFCC476}.Debug|Any CPU.Build.0 = Debug|Any CPU
		{9409B93E-5943-4204-A2AE-75761BFCC476}.Release|Any CPU.ActiveCfg = Release|Any CPU
		{9409B93E-5943-4204-A2AE-75761BFCC476}.Release|Any CPU.Build.0 = Release|Any CPU
		{E607403B-5B40-4565-87E2-0D9B7F386EFA}.Debug|Any CPU.ActiveCfg = Debug|Any CPU
		{E607403B-5B40-4565-87E2-0D9B7F386EFA}.Debug|Any CPU.Build.0 = Debug|Any CPU
		{E607403B-5B40-4565-87E2-0D9B7F386EFA}.Release|Any CPU.ActiveCfg = Release|Any CPU
		{E607403B-5B40-4565-87E2-0D9B7F386EFA}.Release|Any CPU.Build.0 = Release|Any CPU
		{4DB50FD6-F578-4FDB-82BA-1F6B698906F4}.Debug|Any CPU.ActiveCfg = Debug|Any CPU
		{4DB50FD6-F578-4FDB-82BA-1F6B698906F4}.Debug|Any CPU.Build.0 = Debug|Any CPU
		{4DB50FD6-F578-4FDB-82BA-1F6B698906F4}.Release|Any CPU.ActiveCfg = Release|Any CPU
		{4DB50FD6-F578-4FDB-82BA-1F6B698906F4}.Release|Any CPU.Build.0 = Release|Any CPU
		{1349B34D-3C44-4924-BE77-9A29FAC4BA2D}.Debug|Any CPU.ActiveCfg = Debug|Any CPU
		{1349B34D-3C44-4924-BE77-9A29FAC4BA2D}.Debug|Any CPU.Build.0 = Debug|Any CPU
		{1349B34D-3C44-4924-BE77-9A29FAC4BA2D}.Release|Any CPU.ActiveCfg = Release|Any CPU
		{1349B34D-3C44-4924-BE77-9A29FAC4BA2D}.Release|Any CPU.Build.0 = Release|Any CPU
		{200B1FBA-2E77-43B8-A786-6C2E27D62A3A}.Debug|Any CPU.ActiveCfg = Debug|Any CPU
		{200B1FBA-2E77-43B8-A786-6C2E27D62A3A}.Debug|Any CPU.Build.0 = Debug|Any CPU
		{200B1FBA-2E77-43B8-A786-6C2E27D62A3A}.Release|Any CPU.ActiveCfg = Release|Any CPU
		{200B1FBA-2E77-43B8-A786-6C2E27D62A3A}.Release|Any CPU.Build.0 = Release|Any CPU
		{20CE99E9-54B1-47A0-9F4F-7443839B81ED}.Debug|Any CPU.ActiveCfg = Debug|Any CPU
		{20CE99E9-54B1-47A0-9F4F-7443839B81ED}.Debug|Any CPU.Build.0 = Debug|Any CPU
		{20CE99E9-54B1-47A0-9F4F-7443839B81ED}.Release|Any CPU.ActiveCfg = Release|Any CPU
		{20CE99E9-54B1-47A0-9F4F-7443839B81ED}.Release|Any CPU.Build.0 = Release|Any CPU
		{61376BF6-353F-4945-B9F5-7A06E0C3A4C4}.Debug|Any CPU.ActiveCfg = Debug|Any CPU
		{61376BF6-353F-4945-B9F5-7A06E0C3A4C4}.Debug|Any CPU.Build.0 = Debug|Any CPU
		{61376BF6-353F-4945-B9F5-7A06E0C3A4C4}.Release|Any CPU.ActiveCfg = Release|Any CPU
		{61376BF6-353F-4945-B9F5-7A06E0C3A4C4}.Release|Any CPU.Build.0 = Release|Any CPU
		{84C94B65-D234-40C6-96B9-13DD4458FEFC}.Debug|Any CPU.ActiveCfg = Debug|Any CPU
		{84C94B65-D234-40C6-96B9-13DD4458FEFC}.Debug|Any CPU.Build.0 = Debug|Any CPU
		{84C94B65-D234-40C6-96B9-13DD4458FEFC}.Release|Any CPU.ActiveCfg = Release|Any CPU
		{84C94B65-D234-40C6-96B9-13DD4458FEFC}.Release|Any CPU.Build.0 = Release|Any CPU
		{75E89376-9359-43A7-875B-58397E51084F}.Debug|Any CPU.ActiveCfg = Debug|Any CPU
		{75E89376-9359-43A7-875B-58397E51084F}.Debug|Any CPU.Build.0 = Debug|Any CPU
		{75E89376-9359-43A7-875B-58397E51084F}.Release|Any CPU.ActiveCfg = Release|Any CPU
		{75E89376-9359-43A7-875B-58397E51084F}.Release|Any CPU.Build.0 = Release|Any CPU
		{CA495DD4-BF4D-4CC1-8261-998D28BE1261}.Debug|Any CPU.ActiveCfg = Debug|Any CPU
		{CA495DD4-BF4D-4CC1-8261-998D28BE1261}.Debug|Any CPU.Build.0 = Debug|Any CPU
		{CA495DD4-BF4D-4CC1-8261-998D28BE1261}.Release|Any CPU.ActiveCfg = Release|Any CPU
		{CA495DD4-BF4D-4CC1-8261-998D28BE1261}.Release|Any CPU.Build.0 = Release|Any CPU
		{8BEDE5AF-10BB-4D16-B5EB-DD3EEEF1DE2C}.Debug|Any CPU.ActiveCfg = Debug|Any CPU
		{8BEDE5AF-10BB-4D16-B5EB-DD3EEEF1DE2C}.Debug|Any CPU.Build.0 = Debug|Any CPU
		{8BEDE5AF-10BB-4D16-B5EB-DD3EEEF1DE2C}.Release|Any CPU.ActiveCfg = Release|Any CPU
		{8BEDE5AF-10BB-4D16-B5EB-DD3EEEF1DE2C}.Release|Any CPU.Build.0 = Release|Any CPU
		{DF1B5829-8447-40AE-BFA0-B0DBA182BB66}.Debug|Any CPU.ActiveCfg = Debug|Any CPU
		{DF1B5829-8447-40AE-BFA0-B0DBA182BB66}.Debug|Any CPU.Build.0 = Debug|Any CPU
		{DF1B5829-8447-40AE-BFA0-B0DBA182BB66}.Release|Any CPU.ActiveCfg = Release|Any CPU
		{DF1B5829-8447-40AE-BFA0-B0DBA182BB66}.Release|Any CPU.Build.0 = Release|Any CPU
		{A46F1B31-6D4B-48AA-96F0-8F50BCF51A6A}.Debug|Any CPU.ActiveCfg = Debug|Any CPU
		{A46F1B31-6D4B-48AA-96F0-8F50BCF51A6A}.Debug|Any CPU.Build.0 = Debug|Any CPU
		{A46F1B31-6D4B-48AA-96F0-8F50BCF51A6A}.Release|Any CPU.ActiveCfg = Release|Any CPU
		{A46F1B31-6D4B-48AA-96F0-8F50BCF51A6A}.Release|Any CPU.Build.0 = Release|Any CPU
		{3D87B8FA-C499-4B84-901D-4D2A044CDC1A}.Debug|Any CPU.ActiveCfg = Debug|Any CPU
		{3D87B8FA-C499-4B84-901D-4D2A044CDC1A}.Debug|Any CPU.Build.0 = Debug|Any CPU
		{3D87B8FA-C499-4B84-901D-4D2A044CDC1A}.Release|Any CPU.ActiveCfg = Release|Any CPU
		{3D87B8FA-C499-4B84-901D-4D2A044CDC1A}.Release|Any CPU.Build.0 = Release|Any CPU
		{8B678C65-33E7-44A1-9029-EE06794DA9F8}.Debug|Any CPU.ActiveCfg = Debug|Any CPU
		{8B678C65-33E7-44A1-9029-EE06794DA9F8}.Debug|Any CPU.Build.0 = Debug|Any CPU
		{8B678C65-33E7-44A1-9029-EE06794DA9F8}.Release|Any CPU.ActiveCfg = Release|Any CPU
		{8B678C65-33E7-44A1-9029-EE06794DA9F8}.Release|Any CPU.Build.0 = Release|Any CPU
	EndGlobalSection
	GlobalSection(SolutionProperties) = preSolution
		HideSolutionNode = FALSE
	EndGlobalSection
	GlobalSection(NestedProjects) = preSolution
		{372E8034-A4C9-4096-87DF-A8FD16DF42AE} = {6B648140-571B-4297-A871-AB606EF6681A}
		{11B61C6C-A520-42DB-BB72-54BECEFF1D2C} = {6B648140-571B-4297-A871-AB606EF6681A}
		{5210CAF9-A0CC-460E-BCD1-ED39A18DEE95} = {6B648140-571B-4297-A871-AB606EF6681A}
		{65D7D574-2117-4295-9C5B-4A5C974007E8} = {6B648140-571B-4297-A871-AB606EF6681A}
		{DA56D98E-42A8-4E8D-AABD-215DF1954B6A} = {02EA681E-C7D8-13C7-8484-4AC65E1B71E8}
		{F260DC1A-9730-9659-0787-AF778E0FB2F3} = {02EA681E-C7D8-13C7-8484-4AC65E1B71E8}
		{D9EB6271-73DE-4C02-9CC4-F776829063C8} = {02EA681E-C7D8-13C7-8484-4AC65E1B71E8}
		{5DD747F1-2E9E-496C-9D44-B889ECECC179} = {2DD8BA92-BC83-426F-A5A9-B93B29AFB63B}
		{9D90AD8D-781E-CCFA-406B-C3DB387AA1B0} = {2DD8BA92-BC83-426F-A5A9-B93B29AFB63B}
		{4BD37C50-17B0-4AA4-9722-245EC5F34B87} = {02EA681E-C7D8-13C7-8484-4AC65E1B71E8}
		{CC0CC3F2-2B67-40D0-9324-9C30BA4B6384} = {2DD8BA92-BC83-426F-A5A9-B93B29AFB63B}
		{1E207355-6408-4690-9DD1-03E00F149DA4} = {2DD8BA92-BC83-426F-A5A9-B93B29AFB63B}
		{E8FF9855-47C5-4D90-830B-EBC58F8CA328} = {02EA681E-C7D8-13C7-8484-4AC65E1B71E8}
		{F8CA119F-1DA4-41F3-9666-EEE4BA9CE218} = {00E05DB2-AE20-4AFD-9C9B-B5FB7504FB21}
		{9409B93E-5943-4204-A2AE-75761BFCC476} = {02EA681E-C7D8-13C7-8484-4AC65E1B71E8}
		{E607403B-5B40-4565-87E2-0D9B7F386EFA} = {02EA681E-C7D8-13C7-8484-4AC65E1B71E8}
		{4DB50FD6-F578-4FDB-82BA-1F6B698906F4} = {2DD8BA92-BC83-426F-A5A9-B93B29AFB63B}
		{1349B34D-3C44-4924-BE77-9A29FAC4BA2D} = {2DD8BA92-BC83-426F-A5A9-B93B29AFB63B}
		{200B1FBA-2E77-43B8-A786-6C2E27D62A3A} = {00E05DB2-AE20-4AFD-9C9B-B5FB7504FB21}
		{20CE99E9-54B1-47A0-9F4F-7443839B81ED} = {00E05DB2-AE20-4AFD-9C9B-B5FB7504FB21}
		{61376BF6-353F-4945-B9F5-7A06E0C3A4C4} = {B4204462-2B52-4EF7-B8F1-A730259892F2}
		{84C94B65-D234-40C6-96B9-13DD4458FEFC} = {B4204462-2B52-4EF7-B8F1-A730259892F2}
		{75E89376-9359-43A7-875B-58397E51084F} = {B4204462-2B52-4EF7-B8F1-A730259892F2}
		{CA495DD4-BF4D-4CC1-8261-998D28BE1261} = {B4204462-2B52-4EF7-B8F1-A730259892F2}
		{8BEDE5AF-10BB-4D16-B5EB-DD3EEEF1DE2C} = {6B648140-571B-4297-A871-AB606EF6681A}
		{DF1B5829-8447-40AE-BFA0-B0DBA182BB66} = {2DD8BA92-BC83-426F-A5A9-B93B29AFB63B}
		{3D87B8FA-C499-4B84-901D-4D2A044CDC1A} = {2DD8BA92-BC83-426F-A5A9-B93B29AFB63B}
	EndGlobalSection
	GlobalSection(ExtensibilityGlobals) = postSolution
		SolutionGuid = {E8FF6F9B-A37B-4335-B135-EEEB33A830B1}
	EndGlobalSection
EndGlobal
